// !$*UTF8*$!
{
	archiveVersion = 1;
	classes = {
	};
	objectVersion = 46;
	objects = {

/* Begin PBXBuildFile section */
		1523AF9E1BF816B000C4B3DF /* AppDelegate.swift in Sources */ = {isa = PBXBuildFile; fileRef = 1523AF9D1BF816B000C4B3DF /* AppDelegate.swift */; };
		1523AFA01BF816B000C4B3DF /* BarCodeScannerViewController.swift in Sources */ = {isa = PBXBuildFile; fileRef = 1523AF9F1BF816B000C4B3DF /* BarCodeScannerViewController.swift */; };
		1523AFA31BF816B000C4B3DF /* Main.storyboard in Resources */ = {isa = PBXBuildFile; fileRef = 1523AFA11BF816B000C4B3DF /* Main.storyboard */; };
		1523AFA51BF816B000C4B3DF /* Assets.xcassets in Resources */ = {isa = PBXBuildFile; fileRef = 1523AFA41BF816B000C4B3DF /* Assets.xcassets */; };
		1523AFA81BF816B000C4B3DF /* LaunchScreen.storyboard in Resources */ = {isa = PBXBuildFile; fileRef = 1523AFA61BF816B000C4B3DF /* LaunchScreen.storyboard */; };
		1523AFB31BF816B100C4B3DF /* HackSC2015Tests.swift in Sources */ = {isa = PBXBuildFile; fileRef = 1523AFB21BF816B100C4B3DF /* HackSC2015Tests.swift */; };
		1523AFBE1BF816B100C4B3DF /* HackSC2015UITests.swift in Sources */ = {isa = PBXBuildFile; fileRef = 1523AFBD1BF816B100C4B3DF /* HackSC2015UITests.swift */; };
		153F07A21BF8297300306863 /* ReceiptViewController.swift in Sources */ = {isa = PBXBuildFile; fileRef = 153F07A11BF8297300306863 /* ReceiptViewController.swift */; };
/* End PBXBuildFile section */

/* Begin PBXContainerItemProxy section */
		1523AFAF1BF816B100C4B3DF /* PBXContainerItemProxy */ = {
			isa = PBXContainerItemProxy;
			containerPortal = 1523AF921BF816B000C4B3DF /* Project object */;
			proxyType = 1;
			remoteGlobalIDString = 1523AF991BF816B000C4B3DF;
			remoteInfo = HackSC2015;
		};
		1523AFBA1BF816B100C4B3DF /* PBXContainerItemProxy */ = {
			isa = PBXContainerItemProxy;
			containerPortal = 1523AF921BF816B000C4B3DF /* Project object */;
			proxyType = 1;
			remoteGlobalIDString = 1523AF991BF816B000C4B3DF;
			remoteInfo = HackSC2015;
		};
/* End PBXContainerItemProxy section */

/* Begin PBXFileReference section */
		1523AF9A1BF816B000C4B3DF /* HackSC2015.app */ = {isa = PBXFileReference; explicitFileType = wrapper.application; includeInIndex = 0; path = HackSC2015.app; sourceTree = BUILT_PRODUCTS_DIR; };
		1523AF9D1BF816B000C4B3DF /* AppDelegate.swift */ = {isa = PBXFileReference; lastKnownFileType = sourcecode.swift; path = AppDelegate.swift; sourceTree = "<group>"; };
		1523AF9F1BF816B000C4B3DF /* BarCodeScannerViewController.swift */ = {isa = PBXFileReference; lastKnownFileType = sourcecode.swift; path = BarCodeScannerViewController.swift; sourceTree = "<group>"; };
		1523AFA21BF816B000C4B3DF /* Base */ = {isa = PBXFileReference; lastKnownFileType = file.storyboard; name = Base; path = Base.lproj/Main.storyboard; sourceTree = "<group>"; };
		1523AFA41BF816B000C4B3DF /* Assets.xcassets */ = {isa = PBXFileReference; lastKnownFileType = folder.assetcatalog; path = Assets.xcassets; sourceTree = "<group>"; };
		1523AFA71BF816B000C4B3DF /* Base */ = {isa = PBXFileReference; lastKnownFileType = file.storyboard; name = Base; path = Base.lproj/LaunchScreen.storyboard; sourceTree = "<group>"; };
		1523AFA91BF816B000C4B3DF /* Info.plist */ = {isa = PBXFileReference; lastKnownFileType = text.plist.xml; path = Info.plist; sourceTree = "<group>"; };
		1523AFAE1BF816B100C4B3DF /* HackSC2015Tests.xctest */ = {isa = PBXFileReference; explicitFileType = wrapper.cfbundle; includeInIndex = 0; path = HackSC2015Tests.xctest; sourceTree = BUILT_PRODUCTS_DIR; };
		1523AFB21BF816B100C4B3DF /* HackSC2015Tests.swift */ = {isa = PBXFileReference; lastKnownFileType = sourcecode.swift; path = HackSC2015Tests.swift; sourceTree = "<group>"; };
		1523AFB41BF816B100C4B3DF /* Info.plist */ = {isa = PBXFileReference; lastKnownFileType = text.plist.xml; path = Info.plist; sourceTree = "<group>"; };
		1523AFB91BF816B100C4B3DF /* HackSC2015UITests.xctest */ = {isa = PBXFileReference; explicitFileType = wrapper.cfbundle; includeInIndex = 0; path = HackSC2015UITests.xctest; sourceTree = BUILT_PRODUCTS_DIR; };
		1523AFBD1BF816B100C4B3DF /* HackSC2015UITests.swift */ = {isa = PBXFileReference; lastKnownFileType = sourcecode.swift; path = HackSC2015UITests.swift; sourceTree = "<group>"; };
		1523AFBF1BF816B100C4B3DF /* Info.plist */ = {isa = PBXFileReference; lastKnownFileType = text.plist.xml; path = Info.plist; sourceTree = "<group>"; };
		153F07A11BF8297300306863 /* ReceiptViewController.swift */ = {isa = PBXFileReference; fileEncoding = 4; lastKnownFileType = sourcecode.swift; path = ReceiptViewController.swift; sourceTree = "<group>"; };
/* End PBXFileReference section */

/* Begin PBXFrameworksBuildPhase section */
		1523AF971BF816B000C4B3DF /* Frameworks */ = {
			isa = PBXFrameworksBuildPhase;
			buildActionMask = 2147483647;
			files = (
			);
			runOnlyForDeploymentPostprocessing = 0;
		};
		1523AFAB1BF816B100C4B3DF /* Frameworks */ = {
			isa = PBXFrameworksBuildPhase;
			buildActionMask = 2147483647;
			files = (
			);
			runOnlyForDeploymentPostprocessing = 0;
		};
		1523AFB61BF816B100C4B3DF /* Frameworks */ = {
			isa = PBXFrameworksBuildPhase;
			buildActionMask = 2147483647;
			files = (
			);
			runOnlyForDeploymentPostprocessing = 0;
		};
/* End PBXFrameworksBuildPhase section */

/* Begin PBXGroup section */
		1523AF911BF816B000C4B3DF = {
			isa = PBXGroup;
			children = (
				1523AF9C1BF816B000C4B3DF /* HackSC2015 */,
				1523AFB11BF816B100C4B3DF /* HackSC2015Tests */,
				1523AFBC1BF816B100C4B3DF /* HackSC2015UITests */,
				1523AF9B1BF816B000C4B3DF /* Products */,
			);
			sourceTree = "<group>";
		};
		1523AF9B1BF816B000C4B3DF /* Products */ = {
			isa = PBXGroup;
			children = (
				1523AF9A1BF816B000C4B3DF /* HackSC2015.app */,
				1523AFAE1BF816B100C4B3DF /* HackSC2015Tests.xctest */,
				1523AFB91BF816B100C4B3DF /* HackSC2015UITests.xctest */,
			);
			name = Products;
			sourceTree = "<group>";
		};
		1523AF9C1BF816B000C4B3DF /* HackSC2015 */ = {
			isa = PBXGroup;
			children = (
				1523AF9D1BF816B000C4B3DF /* AppDelegate.swift */,
				1523AF9F1BF816B000C4B3DF /* BarCodeScannerViewController.swift */,
				153F07A11BF8297300306863 /* ReceiptViewController.swift */,
				1523AFA11BF816B000C4B3DF /* Main.storyboard */,
				1523AFA41BF816B000C4B3DF /* Assets.xcassets */,
				1523AFA61BF816B000C4B3DF /* LaunchScreen.storyboard */,
				1523AFA91BF816B000C4B3DF /* Info.plist */,
			);
			path = HackSC2015;
			sourceTree = "<group>";
		};
		1523AFB11BF816B100C4B3DF /* HackSC2015Tests */ = {
			isa = PBXGroup;
			children = (
				1523AFB21BF816B100C4B3DF /* HackSC2015Tests.swift */,
				1523AFB41BF816B100C4B3DF /* Info.plist */,
			);
			path = HackSC2015Tests;
			sourceTree = "<group>";
		};
		1523AFBC1BF816B100C4B3DF /* HackSC2015UITests */ = {
			isa = PBXGroup;
			children = (
				1523AFBD1BF816B100C4B3DF /* HackSC2015UITests.swift */,
				1523AFBF1BF816B100C4B3DF /* Info.plist */,
			);
			path = HackSC2015UITests;
			sourceTree = "<group>";
		};
/* End PBXGroup section */

/* Begin PBXNativeTarget section */
		1523AF991BF816B000C4B3DF /* HackSC2015 */ = {
			isa = PBXNativeTarget;
			buildConfigurationList = 1523AFC21BF816B100C4B3DF /* Build configuration list for PBXNativeTarget "HackSC2015" */;
			buildPhases = (
				1523AF961BF816B000C4B3DF /* Sources */,
				1523AF971BF816B000C4B3DF /* Frameworks */,
				1523AF981BF816B000C4B3DF /* Resources */,
			);
			buildRules = (
			);
			dependencies = (
			);
			name = HackSC2015;
			productName = HackSC2015;
			productReference = 1523AF9A1BF816B000C4B3DF /* HackSC2015.app */;
			productType = "com.apple.product-type.application";
		};
		1523AFAD1BF816B100C4B3DF /* HackSC2015Tests */ = {
			isa = PBXNativeTarget;
			buildConfigurationList = 1523AFC51BF816B100C4B3DF /* Build configuration list for PBXNativeTarget "HackSC2015Tests" */;
			buildPhases = (
				1523AFAA1BF816B100C4B3DF /* Sources */,
				1523AFAB1BF816B100C4B3DF /* Frameworks */,
				1523AFAC1BF816B100C4B3DF /* Resources */,
			);
			buildRules = (
			);
			dependencies = (
				1523AFB01BF816B100C4B3DF /* PBXTargetDependency */,
			);
			name = HackSC2015Tests;
			productName = HackSC2015Tests;
			productReference = 1523AFAE1BF816B100C4B3DF /* HackSC2015Tests.xctest */;
			productType = "com.apple.product-type.bundle.unit-test";
		};
		1523AFB81BF816B100C4B3DF /* HackSC2015UITests */ = {
			isa = PBXNativeTarget;
			buildConfigurationList = 1523AFC81BF816B100C4B3DF /* Build configuration list for PBXNativeTarget "HackSC2015UITests" */;
			buildPhases = (
				1523AFB51BF816B100C4B3DF /* Sources */,
				1523AFB61BF816B100C4B3DF /* Frameworks */,
				1523AFB71BF816B100C4B3DF /* Resources */,
			);
			buildRules = (
			);
			dependencies = (
				1523AFBB1BF816B100C4B3DF /* PBXTargetDependency */,
			);
			name = HackSC2015UITests;
			productName = HackSC2015UITests;
			productReference = 1523AFB91BF816B100C4B3DF /* HackSC2015UITests.xctest */;
			productType = "com.apple.product-type.bundle.ui-testing";
		};
/* End PBXNativeTarget section */

/* Begin PBXProject section */
		1523AF921BF816B000C4B3DF /* Project object */ = {
			isa = PBXProject;
			attributes = {
				LastSwiftUpdateCheck = 0710;
				LastUpgradeCheck = 0710;
				TargetAttributes = {
					1523AF991BF816B000C4B3DF = {
						CreatedOnToolsVersion = 7.1.1;
						DevelopmentTeam = 7MT8CL2PWH;
					};
					1523AFAD1BF816B100C4B3DF = {
						CreatedOnToolsVersion = 7.1.1;
						TestTargetID = 1523AF991BF816B000C4B3DF;
					};
					1523AFB81BF816B100C4B3DF = {
						CreatedOnToolsVersion = 7.1.1;
						TestTargetID = 1523AF991BF816B000C4B3DF;
					};
				};
			};
			buildConfigurationList = 1523AF951BF816B000C4B3DF /* Build configuration list for PBXProject "HackSC2015" */;
			compatibilityVersion = "Xcode 3.2";
			developmentRegion = English;
			hasScannedForEncodings = 0;
			knownRegions = (
				en,
				Base,
			);
			mainGroup = 1523AF911BF816B000C4B3DF;
			productRefGroup = 1523AF9B1BF816B000C4B3DF /* Products */;
			projectDirPath = "";
			projectRoot = "";
			targets = (
				1523AF991BF816B000C4B3DF /* HackSC2015 */,
				1523AFAD1BF816B100C4B3DF /* HackSC2015Tests */,
				1523AFB81BF816B100C4B3DF /* HackSC2015UITests */,
			);
		};
/* End PBXProject section */

/* Begin PBXResourcesBuildPhase section */
		1523AF981BF816B000C4B3DF /* Resources */ = {
			isa = PBXResourcesBuildPhase;
			buildActionMask = 2147483647;
			files = (
				1523AFA81BF816B000C4B3DF /* LaunchScreen.storyboard in Resources */,
				1523AFA51BF816B000C4B3DF /* Assets.xcassets in Resources */,
				1523AFA31BF816B000C4B3DF /* Main.storyboard in Resources */,
			);
			runOnlyForDeploymentPostprocessing = 0;
		};
		1523AFAC1BF816B100C4B3DF /* Resources */ = {
			isa = PBXResourcesBuildPhase;
			buildActionMask = 2147483647;
			files = (
			);
			runOnlyForDeploymentPostprocessing = 0;
		};
		1523AFB71BF816B100C4B3DF /* Resources */ = {
			isa = PBXResourcesBuildPhase;
			buildActionMask = 2147483647;
			files = (
			);
			runOnlyForDeploymentPostprocessing = 0;
		};
/* End PBXResourcesBuildPhase section */

/* Begin PBXSourcesBuildPhase section */
		1523AF961BF816B000C4B3DF /* Sources */ = {
			isa = PBXSourcesBuildPhase;
			buildActionMask = 2147483647;
			files = (
				153F07A21BF8297300306863 /* ReceiptViewController.swift in Sources */,
				1523AFA01BF816B000C4B3DF /* BarCodeScannerViewController.swift in Sources */,
				1523AF9E1BF816B000C4B3DF /* AppDelegate.swift in Sources */,
			);
			runOnlyForDeploymentPostprocessing = 0;
		};
		1523AFAA1BF816B100C4B3DF /* Sources */ = {
			isa = PBXSourcesBuildPhase;
			buildActionMask = 2147483647;
			files = (
				1523AFB31BF816B100C4B3DF /* HackSC2015Tests.swift in Sources */,
			);
			runOnlyForDeploymentPostprocessing = 0;
		};
		1523AFB51BF816B100C4B3DF /* Sources */ = {
			isa = PBXSourcesBuildPhase;
			buildActionMask = 2147483647;
			files = (
				1523AFBE1BF816B100C4B3DF /* HackSC2015UITests.swift in Sources */,
			);
			runOnlyForDeploymentPostprocessing = 0;
		};
/* End PBXSourcesBuildPhase section */

/* Begin PBXTargetDependency section */
		1523AFB01BF816B100C4B3DF /* PBXTargetDependency */ = {
			isa = PBXTargetDependency;
			target = 1523AF991BF816B000C4B3DF /* HackSC2015 */;
			targetProxy = 1523AFAF1BF816B100C4B3DF /* PBXContainerItemProxy */;
		};
		1523AFBB1BF816B100C4B3DF /* PBXTargetDependency */ = {
			isa = PBXTargetDependency;
			target = 1523AF991BF816B000C4B3DF /* HackSC2015 */;
			targetProxy = 1523AFBA1BF816B100C4B3DF /* PBXContainerItemProxy */;
		};
/* End PBXTargetDependency section */

/* Begin PBXVariantGroup section */
		1523AFA11BF816B000C4B3DF /* Main.storyboard */ = {
			isa = PBXVariantGroup;
			children = (
				1523AFA21BF816B000C4B3DF /* Base */,
			);
			name = Main.storyboard;
			sourceTree = "<group>";
		};
		1523AFA61BF816B000C4B3DF /* LaunchScreen.storyboard */ = {
			isa = PBXVariantGroup;
			children = (
				1523AFA71BF816B000C4B3DF /* Base */,
			);
			name = LaunchScreen.storyboard;
			sourceTree = "<group>";
		};
/* End PBXVariantGroup section */

/* Begin XCBuildConfiguration section */
		1523AFC01BF816B100C4B3DF /* Debug */ = {
			isa = XCBuildConfiguration;
			buildSettings = {
				ALWAYS_SEARCH_USER_PATHS = NO;
				CLANG_CXX_LANGUAGE_STANDARD = "gnu++0x";
				CLANG_CXX_LIBRARY = "libc++";
				CLANG_ENABLE_MODULES = YES;
				CLANG_ENABLE_OBJC_ARC = YES;
				CLANG_WARN_BOOL_CONVERSION = YES;
				CLANG_WARN_CONSTANT_CONVERSION = YES;
				CLANG_WARN_DIRECT_OBJC_ISA_USAGE = YES_ERROR;
				CLANG_WARN_EMPTY_BODY = YES;
				CLANG_WARN_ENUM_CONVERSION = YES;
				CLANG_WARN_INT_CONVERSION = YES;
				CLANG_WARN_OBJC_ROOT_CLASS = YES_ERROR;
				CLANG_WARN_UNREACHABLE_CODE = YES;
				CLANG_WARN__DUPLICATE_METHOD_MATCH = YES;
				"CODE_SIGN_IDENTITY[sdk=iphoneos*]" = "iPhone Developer";
				COPY_PHASE_STRIP = NO;
				DEBUG_INFORMATION_FORMAT = dwarf;
				ENABLE_STRICT_OBJC_MSGSEND = YES;
				ENABLE_TESTABILITY = YES;
				GCC_C_LANGUAGE_STANDARD = gnu99;
				GCC_DYNAMIC_NO_PIC = NO;
				GCC_NO_COMMON_BLOCKS = YES;
				GCC_OPTIMIZATION_LEVEL = 0;
				GCC_PREPROCESSOR_DEFINITIONS = (
					"DEBUG=1",
					"$(inherited)",
				);
				GCC_WARN_64_TO_32_BIT_CONVERSION = YES;
				GCC_WARN_ABOUT_RETURN_TYPE = YES_ERROR;
				GCC_WARN_UNDECLARED_SELECTOR = YES;
				GCC_WARN_UNINITIALIZED_AUTOS = YES_AGGRESSIVE;
				GCC_WARN_UNUSED_FUNCTION = YES;
				GCC_WARN_UNUSED_VARIABLE = YES;
				IPHONEOS_DEPLOYMENT_TARGET = 9.1;
				MTL_ENABLE_DEBUG_INFO = YES;
				ONLY_ACTIVE_ARCH = YES;
				SDKROOT = iphoneos;
				SWIFT_OPTIMIZATION_LEVEL = "-Onone";
				TARGETED_DEVICE_FAMILY = "1,2";
			};
			name = Debug;
		};
		1523AFC11BF816B100C4B3DF /* Release */ = {
			isa = XCBuildConfiguration;
			buildSettings = {
				ALWAYS_SEARCH_USER_PATHS = NO;
				CLANG_CXX_LANGUAGE_STANDARD = "gnu++0x";
				CLANG_CXX_LIBRARY = "libc++";
				CLANG_ENABLE_MODULES = YES;
				CLANG_ENABLE_OBJC_ARC = YES;
				CLANG_WARN_BOOL_CONVERSION = YES;
				CLANG_WARN_CONSTANT_CONVERSION = YES;
				CLANG_WARN_DIRECT_OBJC_ISA_USAGE = YES_ERROR;
				CLANG_WARN_EMPTY_BODY = YES;
				CLANG_WARN_ENUM_CONVERSION = YES;
				CLANG_WARN_INT_CONVERSION = YES;
				CLANG_WARN_OBJC_ROOT_CLASS = YES_ERROR;
				CLANG_WARN_UNREACHABLE_CODE = YES;
				CLANG_WARN__DUPLICATE_METHOD_MATCH = YES;
				"CODE_SIGN_IDENTITY[sdk=iphoneos*]" = "iPhone Developer";
				COPY_PHASE_STRIP = NO;
				DEBUG_INFORMATION_FORMAT = "dwarf-with-dsym";
				ENABLE_NS_ASSERTIONS = NO;
				ENABLE_STRICT_OBJC_MSGSEND = YES;
				GCC_C_LANGUAGE_STANDARD = gnu99;
				GCC_NO_COMMON_BLOCKS = YES;
				GCC_WARN_64_TO_32_BIT_CONVERSION = YES;
				GCC_WARN_ABOUT_RETURN_TYPE = YES_ERROR;
				GCC_WARN_UNDECLARED_SELECTOR = YES;
				GCC_WARN_UNINITIALIZED_AUTOS = YES_AGGRESSIVE;
				GCC_WARN_UNUSED_FUNCTION = YES;
				GCC_WARN_UNUSED_VARIABLE = YES;
				IPHONEOS_DEPLOYMENT_TARGET = 9.1;
				MTL_ENABLE_DEBUG_INFO = NO;
				SDKROOT = iphoneos;
				TARGETED_DEVICE_FAMILY = "1,2";
				VALIDATE_PRODUCT = YES;
			};
			name = Release;
		};
		1523AFC31BF816B100C4B3DF /* Debug */ = {
			isa = XCBuildConfiguration;
			buildSettings = {
				ASSETCATALOG_COMPILER_APPICON_NAME = AppIcon;
				CODE_SIGN_IDENTITY = "iPhone Developer";
				"CODE_SIGN_IDENTITY[sdk=iphoneos*]" = "iPhone Developer";
				INFOPLIST_FILE = HackSC2015/Info.plist;
				LD_RUNPATH_SEARCH_PATHS = "$(inherited) @executable_path/Frameworks";
				PRODUCT_BUNDLE_IDENTIFIER = me.HackSC2015;
				PRODUCT_NAME = "$(TARGET_NAME)";
				PROVISIONING_PROFILE = "";
			};
			name = Debug;
		};
		1523AFC41BF816B100C4B3DF /* Release */ = {
			isa = XCBuildConfiguration;
			buildSettings = {
				ASSETCATALOG_COMPILER_APPICON_NAME = AppIcon;
				CODE_SIGN_IDENTITY = "iPhone Developer";
				"CODE_SIGN_IDENTITY[sdk=iphoneos*]" = "iPhone Developer";
				INFOPLIST_FILE = HackSC2015/Info.plist;
				LD_RUNPATH_SEARCH_PATHS = "$(inherited) @executable_path/Frameworks";
				PRODUCT_BUNDLE_IDENTIFIER = me.HackSC2015;
				PRODUCT_NAME = "$(TARGET_NAME)";
				PROVISIONING_PROFILE = "";
			};
			name = Release;
		};
		1523AFC61BF816B100C4B3DF /* Debug */ = {
			isa = XCBuildConfiguration;
			buildSettings = {
				BUNDLE_LOADER = "$(TEST_HOST)";
				INFOPLIST_FILE = HackSC2015Tests/Info.plist;
				LD_RUNPATH_SEARCH_PATHS = "$(inherited) @executable_path/Frameworks @loader_path/Frameworks";
				PRODUCT_BUNDLE_IDENTIFIER = me.HackSC2015Tests;
				PRODUCT_NAME = "$(TARGET_NAME)";
				TEST_HOST = "$(BUILT_PRODUCTS_DIR)/HackSC2015.app/HackSC2015";
			};
			name = Debug;
		};
		1523AFC71BF816B100C4B3DF /* Release */ = {
			isa = XCBuildConfiguration;
			buildSettings = {
				BUNDLE_LOADER = "$(TEST_HOST)";
				INFOPLIST_FILE = HackSC2015Tests/Info.plist;
				LD_RUNPATH_SEARCH_PATHS = "$(inherited) @executable_path/Frameworks @loader_path/Frameworks";
				PRODUCT_BUNDLE_IDENTIFIER = me.HackSC2015Tests;
				PRODUCT_NAME = "$(TARGET_NAME)";
				TEST_HOST = "$(BUILT_PRODUCTS_DIR)/HackSC2015.app/HackSC2015";
			};
			name = Release;
		};
		1523AFC91BF816B100C4B3DF /* Debug */ = {
			isa = XCBuildConfiguration;
			buildSettings = {
				INFOPLIST_FILE = HackSC2015UITests/Info.plist;
				LD_RUNPATH_SEARCH_PATHS = "$(inherited) @executable_path/Frameworks @loader_path/Frameworks";
				PRODUCT_BUNDLE_IDENTIFIER = me.HackSC2015UITests;
				PRODUCT_NAME = "$(TARGET_NAME)";
				TEST_TARGET_NAME = HackSC2015;
				USES_XCTRUNNER = YES;
			};
			name = Debug;
		};
		1523AFCA1BF816B100C4B3DF /* Release */ = {
			isa = XCBuildConfiguration;
			buildSettings = {
				INFOPLIST_FILE = HackSC2015UITests/Info.plist;
				LD_RUNPATH_SEARCH_PATHS = "$(inherited) @executable_path/Frameworks @loader_path/Frameworks";
				PRODUCT_BUNDLE_IDENTIFIER = me.HackSC2015UITests;
				PRODUCT_NAME = "$(TARGET_NAME)";
				TEST_TARGET_NAME = HackSC2015;
				USES_XCTRUNNER = YES;
			};
			name = Release;
		};
/* End XCBuildConfiguration section */

/* Begin XCConfigurationList section */
		1523AF951BF816B000C4B3DF /* Build configuration list for PBXProject "HackSC2015" */ = {
			isa = XCConfigurationList;
			buildConfigurations = (
				1523AFC01BF816B100C4B3DF /* Debug */,
				1523AFC11BF816B100C4B3DF /* Release */,
			);
			defaultConfigurationIsVisible = 0;
			defaultConfigurationName = Release;
		};
		1523AFC21BF816B100C4B3DF /* Build configuration list for PBXNativeTarget "HackSC2015" */ = {
			isa = XCConfigurationList;
			buildConfigurations = (
				1523AFC31BF816B100C4B3DF /* Debug */,
				1523AFC41BF816B100C4B3DF /* Release */,
			);
			defaultConfigurationIsVisible = 0;
			defaultConfigurationName = Release;
		};
		1523AFC51BF816B100C4B3DF /* Build configuration list for PBXNativeTarget "HackSC2015Tests" */ = {
			isa = XCConfigurationList;
			buildConfigurations = (
				1523AFC61BF816B100C4B3DF /* Debug */,
				1523AFC71BF816B100C4B3DF /* Release */,
			);
			defaultConfigurationIsVisible = 0;
			defaultConfigurationName = Release;
		};
		1523AFC81BF816B100C4B3DF /* Build configuration list for PBXNativeTarget "HackSC2015UITests" */ = {
			isa = XCConfigurationList;
			buildConfigurations = (
				1523AFC91BF816B100C4B3DF /* Debug */,
				1523AFCA1BF816B100C4B3DF /* Release */,
			);
			defaultConfigurationIsVisible = 0;
			defaultConfigurationName = Release;
		};
/* End XCConfigurationList section */
	};
	rootObject = 1523AF921BF816B000C4B3DF /* Project object */;
}
